// !$*UTF8*$!
{
	archiveVersion = 1;
	classes = {
	};
	objectVersion = 48;
	objects = {

/* Begin PBXBuildFile section */
		3FDE8F981F8D0DF60057BF3C /* AppDelegate.swift in Sources */ = {isa = PBXBuildFile; fileRef = 3FDE8F971F8D0DF60057BF3C /* AppDelegate.swift */; };
		3FDE8F9A1F8D0DF60057BF3C /* ViewController.swift in Sources */ = {isa = PBXBuildFile; fileRef = 3FDE8F991F8D0DF60057BF3C /* ViewController.swift */; };
		3FDE8F9D1F8D0DF60057BF3C /* Main.storyboard in Resources */ = {isa = PBXBuildFile; fileRef = 3FDE8F9B1F8D0DF60057BF3C /* Main.storyboard */; };
		3FDE8FA01F8D0DF60057BF3C /* DTAdmin.xcdatamodeld in Sources */ = {isa = PBXBuildFile; fileRef = 3FDE8F9E1F8D0DF60057BF3C /* DTAdmin.xcdatamodeld */; };
		3FDE8FA21F8D0DF60057BF3C /* Assets.xcassets in Resources */ = {isa = PBXBuildFile; fileRef = 3FDE8FA11F8D0DF60057BF3C /* Assets.xcassets */; };
		3FDE8FA51F8D0DF60057BF3C /* LaunchScreen.storyboard in Resources */ = {isa = PBXBuildFile; fileRef = 3FDE8FA31F8D0DF60057BF3C /* LaunchScreen.storyboard */; };
		3FFA8FFF1F9786DE005C7F5A /* Subjects.storyboard in Resources */ = {isa = PBXBuildFile; fileRef = 3FFA8FFE1F9786DE005C7F5A /* Subjects.storyboard */; };
		3FFA90021F9789D6005C7F5A /* SubjectTableViewController.swift in Sources */ = {isa = PBXBuildFile; fileRef = 3FFA90011F9789D6005C7F5A /* SubjectTableViewController.swift */; };
		3FFA90041F978A3D005C7F5A /* AddNewRecordViewController.swift in Sources */ = {isa = PBXBuildFile; fileRef = 3FFA90031F978A3D005C7F5A /* AddNewRecordViewController.swift */; };
		3FFA90061F978A80005C7F5A /* Records.swift in Sources */ = {isa = PBXBuildFile; fileRef = 3FFA90051F978A80005C7F5A /* Records.swift */; };
		3FFA90081F978AA0005C7F5A /* QueryService.swift in Sources */ = {isa = PBXBuildFile; fileRef = 3FFA90071F978AA0005C7F5A /* QueryService.swift */; };
/* End PBXBuildFile section */

/* Begin PBXFileReference section */
		3FDE8F941F8D0DF60057BF3C /* DTAdmin.app */ = {isa = PBXFileReference; explicitFileType = wrapper.application; includeInIndex = 0; path = DTAdmin.app; sourceTree = BUILT_PRODUCTS_DIR; };
		3FDE8F971F8D0DF60057BF3C /* AppDelegate.swift */ = {isa = PBXFileReference; lastKnownFileType = sourcecode.swift; path = AppDelegate.swift; sourceTree = "<group>"; };
		3FDE8F991F8D0DF60057BF3C /* ViewController.swift */ = {isa = PBXFileReference; lastKnownFileType = sourcecode.swift; path = ViewController.swift; sourceTree = "<group>"; };
		3FDE8F9C1F8D0DF60057BF3C /* Base */ = {isa = PBXFileReference; lastKnownFileType = file.storyboard; name = Base; path = Base.lproj/Main.storyboard; sourceTree = "<group>"; };
		3FDE8F9F1F8D0DF60057BF3C /* DTAdmin.xcdatamodel */ = {isa = PBXFileReference; lastKnownFileType = wrapper.xcdatamodel; path = DTAdmin.xcdatamodel; sourceTree = "<group>"; };
		3FDE8FA11F8D0DF60057BF3C /* Assets.xcassets */ = {isa = PBXFileReference; lastKnownFileType = folder.assetcatalog; path = Assets.xcassets; sourceTree = "<group>"; };
		3FDE8FA41F8D0DF60057BF3C /* Base */ = {isa = PBXFileReference; lastKnownFileType = file.storyboard; name = Base; path = Base.lproj/LaunchScreen.storyboard; sourceTree = "<group>"; };
		3FDE8FA61F8D0DF60057BF3C /* Info.plist */ = {isa = PBXFileReference; lastKnownFileType = text.plist.xml; path = Info.plist; sourceTree = "<group>"; };
		3FFA8FFE1F9786DE005C7F5A /* Subjects.storyboard */ = {isa = PBXFileReference; lastKnownFileType = file.storyboard; path = Subjects.storyboard; sourceTree = "<group>"; };
		3FFA90011F9789D6005C7F5A /* SubjectTableViewController.swift */ = {isa = PBXFileReference; lastKnownFileType = sourcecode.swift; path = SubjectTableViewController.swift; sourceTree = "<group>"; };
		3FFA90031F978A3D005C7F5A /* AddNewRecordViewController.swift */ = {isa = PBXFileReference; lastKnownFileType = sourcecode.swift; path = AddNewRecordViewController.swift; sourceTree = "<group>"; };
		3FFA90051F978A80005C7F5A /* Records.swift */ = {isa = PBXFileReference; lastKnownFileType = sourcecode.swift; path = Records.swift; sourceTree = "<group>"; };
		3FFA90071F978AA0005C7F5A /* QueryService.swift */ = {isa = PBXFileReference; lastKnownFileType = sourcecode.swift; path = QueryService.swift; sourceTree = "<group>"; };
/* End PBXFileReference section */

/* Begin PBXFrameworksBuildPhase section */
		3FDE8F911F8D0DF60057BF3C /* Frameworks */ = {
			isa = PBXFrameworksBuildPhase;
			buildActionMask = 2147483647;
			files = (
			);
			runOnlyForDeploymentPostprocessing = 0;
		};
/* End PBXFrameworksBuildPhase section */

/* Begin PBXGroup section */
		3F01D7CF1F8D1458005CA03A /* Supporting files */ = {
			isa = PBXGroup;
			children = (
				3FDE8FA11F8D0DF60057BF3C /* Assets.xcassets */,
				3FDE8FA61F8D0DF60057BF3C /* Info.plist */,
				3FDE8F9E1F8D0DF60057BF3C /* DTAdmin.xcdatamodeld */,
			);
			name = "Supporting files";
			sourceTree = "<group>";
		};
		3F0501371F90ECF1006651CE /* Faculty */ = {
			isa = PBXGroup;
			children = (
			);
			name = Faculty;
			sourceTree = "<group>";
		};
		3F0501381F90ECF7006651CE /* Admin */ = {
			isa = PBXGroup;
			children = (
			);
			name = Admin;
			sourceTree = "<group>";
		};
		3F0501391F90ECFF006651CE /* Speciality */ = {
			isa = PBXGroup;
			children = (
			);
			name = Speciality;
			sourceTree = "<group>";
		};
		3F05013A1F90ED08006651CE /* Student */ = {
			isa = PBXGroup;
			children = (
			);
			name = Student;
			sourceTree = "<group>";
		};
		3F05013B1F90ED59006651CE /* Group */ = {
			isa = PBXGroup;
			children = (
			);
			name = Group;
			sourceTree = "<group>";
		};
		3FDE8F8B1F8D0DF60057BF3C = {
			isa = PBXGroup;
			children = (
				3FDE8F961F8D0DF60057BF3C /* DTAdmin */,
				3FDE8F951F8D0DF60057BF3C /* Products */,
			);
			sourceTree = "<group>";
		};
		3FDE8F951F8D0DF60057BF3C /* Products */ = {
			isa = PBXGroup;
			children = (
				3FDE8F941F8D0DF60057BF3C /* DTAdmin.app */,
			);
			name = Products;
			sourceTree = "<group>";
		};
		3FDE8F961F8D0DF60057BF3C /* DTAdmin */ = {
			isa = PBXGroup;
			children = (
				3FFA90001F978889005C7F5A /* Subjects */,
				3F05013B1F90ED59006651CE /* Group */,
				3F05013A1F90ED08006651CE /* Student */,
				3F0501391F90ECFF006651CE /* Speciality */,
				3F0501381F90ECF7006651CE /* Admin */,
				3F0501371F90ECF1006651CE /* Faculty */,
				3F01D7CF1F8D1458005CA03A /* Supporting files */,
				3FDE8F971F8D0DF60057BF3C /* AppDelegate.swift */,
				3FDE8F991F8D0DF60057BF3C /* ViewController.swift */,
				3FDE8F9B1F8D0DF60057BF3C /* Main.storyboard */,
				3FDE8FA31F8D0DF60057BF3C /* LaunchScreen.storyboard */,
			);
			path = DTAdmin;
			sourceTree = "<group>";
		};
		3FFA90001F978889005C7F5A /* Subjects */ = {
			isa = PBXGroup;
			children = (
				3FFA8FFE1F9786DE005C7F5A /* Subjects.storyboard */,
				3FFA900A1F978BD5005C7F5A /* Model */,
				3FFA900B1F978BE3005C7F5A /* Network */,
				3FFA90091F978BC4005C7F5A /* Controller */,
			);
			path = Subjects;
			sourceTree = "<group>";
		};
		3FFA90091F978BC4005C7F5A /* Controller */ = {
			isa = PBXGroup;
			children = (
				3FFA90011F9789D6005C7F5A /* SubjectTableViewController.swift */,
				3FFA90031F978A3D005C7F5A /* AddNewRecordViewController.swift */,
			);
			name = Controller;
			sourceTree = "<group>";
		};
		3FFA900A1F978BD5005C7F5A /* Model */ = {
			isa = PBXGroup;
			children = (
				3FFA90051F978A80005C7F5A /* Records.swift */,
			);
			path = Model;
			sourceTree = "<group>";
		};
		3FFA900B1F978BE3005C7F5A /* Network */ = {
			isa = PBXGroup;
			children = (
				3FFA90071F978AA0005C7F5A /* QueryService.swift */,
			);
			path = Network;
			sourceTree = "<group>";
		};
/* End PBXGroup section */

/* Begin PBXNativeTarget section */
		3FDE8F931F8D0DF60057BF3C /* DTAdmin */ = {
			isa = PBXNativeTarget;
			buildConfigurationList = 3FDE8FA91F8D0DF60057BF3C /* Build configuration list for PBXNativeTarget "DTAdmin" */;
			buildPhases = (
				3FDE8F901F8D0DF60057BF3C /* Sources */,
				3FDE8F911F8D0DF60057BF3C /* Frameworks */,
				3FDE8F921F8D0DF60057BF3C /* Resources */,
			);
			buildRules = (
			);
			dependencies = (
			);
			name = DTAdmin;
			productName = DTAdmin;
			productReference = 3FDE8F941F8D0DF60057BF3C /* DTAdmin.app */;
			productType = "com.apple.product-type.application";
		};
/* End PBXNativeTarget section */

/* Begin PBXProject section */
		3FDE8F8C1F8D0DF60057BF3C /* Project object */ = {
			isa = PBXProject;
			attributes = {
				LastSwiftUpdateCheck = 0900;
				LastUpgradeCheck = 0900;
				ORGANIZATIONNAME = "if-ios-077";
				TargetAttributes = {
					3FDE8F931F8D0DF60057BF3C = {
						CreatedOnToolsVersion = 9.0;
						ProvisioningStyle = Automatic;
					};
				};
			};
			buildConfigurationList = 3FDE8F8F1F8D0DF60057BF3C /* Build configuration list for PBXProject "DTAdmin" */;
			compatibilityVersion = "Xcode 8.0";
			developmentRegion = en;
			hasScannedForEncodings = 0;
			knownRegions = (
				en,
				Base,
			);
			mainGroup = 3FDE8F8B1F8D0DF60057BF3C;
			productRefGroup = 3FDE8F951F8D0DF60057BF3C /* Products */;
			projectDirPath = "";
			projectRoot = "";
			targets = (
				3FDE8F931F8D0DF60057BF3C /* DTAdmin */,
			);
		};
/* End PBXProject section */

/* Begin PBXResourcesBuildPhase section */
		3FDE8F921F8D0DF60057BF3C /* Resources */ = {
			isa = PBXResourcesBuildPhase;
			buildActionMask = 2147483647;
			files = (
				3FDE8FA51F8D0DF60057BF3C /* LaunchScreen.storyboard in Resources */,
				3FFA8FFF1F9786DE005C7F5A /* Subjects.storyboard in Resources */,
				3FDE8FA21F8D0DF60057BF3C /* Assets.xcassets in Resources */,
				3FDE8F9D1F8D0DF60057BF3C /* Main.storyboard in Resources */,
			);
			runOnlyForDeploymentPostprocessing = 0;
		};
/* End PBXResourcesBuildPhase section */

/* Begin PBXSourcesBuildPhase section */
		3FDE8F901F8D0DF60057BF3C /* Sources */ = {
			isa = PBXSourcesBuildPhase;
			buildActionMask = 2147483647;
			files = (
				3FFA90061F978A80005C7F5A /* Records.swift in Sources */,
				3FFA90021F9789D6005C7F5A /* SubjectTableViewController.swift in Sources */,
				3FDE8FA01F8D0DF60057BF3C /* DTAdmin.xcdatamodeld in Sources */,
				3FDE8F9A1F8D0DF60057BF3C /* ViewController.swift in Sources */,
				3FFA90081F978AA0005C7F5A /* QueryService.swift in Sources */,
				3FFA90041F978A3D005C7F5A /* AddNewRecordViewController.swift in Sources */,
				3FDE8F981F8D0DF60057BF3C /* AppDelegate.swift in Sources */,
			);
			runOnlyForDeploymentPostprocessing = 0;
		};
/* End PBXSourcesBuildPhase section */

/* Begin PBXVariantGroup section */
		3FDE8F9B1F8D0DF60057BF3C /* Main.storyboard */ = {
			isa = PBXVariantGroup;
			children = (
				3FDE8F9C1F8D0DF60057BF3C /* Base */,
			);
			name = Main.storyboard;
			sourceTree = "<group>";
		};
		3FDE8FA31F8D0DF60057BF3C /* LaunchScreen.storyboard */ = {
			isa = PBXVariantGroup;
			children = (
				3FDE8FA41F8D0DF60057BF3C /* Base */,
			);
			name = LaunchScreen.storyboard;
			sourceTree = "<group>";
		};
/* End PBXVariantGroup section */

/* Begin XCBuildConfiguration section */
		3FDE8FA71F8D0DF60057BF3C /* Debug */ = {
			isa = XCBuildConfiguration;
			buildSettings = {
				ALWAYS_SEARCH_USER_PATHS = NO;
				CLANG_ANALYZER_NONNULL = YES;
				CLANG_ANALYZER_NUMBER_OBJECT_CONVERSION = YES_AGGRESSIVE;
				CLANG_CXX_LANGUAGE_STANDARD = "gnu++14";
				CLANG_CXX_LIBRARY = "libc++";
				CLANG_ENABLE_MODULES = YES;
				CLANG_ENABLE_OBJC_ARC = YES;
				CLANG_WARN_BLOCK_CAPTURE_AUTORELEASING = YES;
				CLANG_WARN_BOOL_CONVERSION = YES;
				CLANG_WARN_COMMA = YES;
				CLANG_WARN_CONSTANT_CONVERSION = YES;
				CLANG_WARN_DIRECT_OBJC_ISA_USAGE = YES_ERROR;
				CLANG_WARN_DOCUMENTATION_COMMENTS = YES;
				CLANG_WARN_EMPTY_BODY = YES;
				CLANG_WARN_ENUM_CONVERSION = YES;
				CLANG_WARN_INFINITE_RECURSION = YES;
				CLANG_WARN_INT_CONVERSION = YES;
				CLANG_WARN_NON_LITERAL_NULL_CONVERSION = YES;
				CLANG_WARN_OBJC_LITERAL_CONVERSION = YES;
				CLANG_WARN_OBJC_ROOT_CLASS = YES_ERROR;
				CLANG_WARN_RANGE_LOOP_ANALYSIS = YES;
				CLANG_WARN_STRICT_PROTOTYPES = YES;
				CLANG_WARN_SUSPICIOUS_MOVE = YES;
				CLANG_WARN_UNGUARDED_AVAILABILITY = YES_AGGRESSIVE;
				CLANG_WARN_UNREACHABLE_CODE = YES;
				CLANG_WARN__DUPLICATE_METHOD_MATCH = YES;
				CODE_SIGN_IDENTITY = "iPhone Developer";
				COPY_PHASE_STRIP = NO;
				DEBUG_INFORMATION_FORMAT = dwarf;
				ENABLE_STRICT_OBJC_MSGSEND = YES;
				ENABLE_TESTABILITY = YES;
				GCC_C_LANGUAGE_STANDARD = gnu11;
				GCC_DYNAMIC_NO_PIC = NO;
				GCC_NO_COMMON_BLOCKS = YES;
				GCC_OPTIMIZATION_LEVEL = 0;
				GCC_PREPROCESSOR_DEFINITIONS = (
					"DEBUG=1",
					"$(inherited)",
				);
				GCC_WARN_64_TO_32_BIT_CONVERSION = YES;
				GCC_WARN_ABOUT_RETURN_TYPE = YES_ERROR;
				GCC_WARN_UNDECLARED_SELECTOR = YES;
				GCC_WARN_UNINITIALIZED_AUTOS = YES_AGGRESSIVE;
				GCC_WARN_UNUSED_FUNCTION = YES;
				GCC_WARN_UNUSED_VARIABLE = YES;
				IPHONEOS_DEPLOYMENT_TARGET = 11.0;
				MTL_ENABLE_DEBUG_INFO = YES;
				ONLY_ACTIVE_ARCH = YES;
				SDKROOT = iphoneos;
				SWIFT_ACTIVE_COMPILATION_CONDITIONS = DEBUG;
				SWIFT_OPTIMIZATION_LEVEL = "-Onone";
			};
			name = Debug;
		};
		3FDE8FA81F8D0DF60057BF3C /* Release */ = {
			isa = XCBuildConfiguration;
			buildSettings = {
				ALWAYS_SEARCH_USER_PATHS = NO;
				CLANG_ANALYZER_NONNULL = YES;
				CLANG_ANALYZER_NUMBER_OBJECT_CONVERSION = YES_AGGRESSIVE;
				CLANG_CXX_LANGUAGE_STANDARD = "gnu++14";
				CLANG_CXX_LIBRARY = "libc++";
				CLANG_ENABLE_MODULES = YES;
				CLANG_ENABLE_OBJC_ARC = YES;
				CLANG_WARN_BLOCK_CAPTURE_AUTORELEASING = YES;
				CLANG_WARN_BOOL_CONVERSION = YES;
				CLANG_WARN_COMMA = YES;
				CLANG_WARN_CONSTANT_CONVERSION = YES;
				CLANG_WARN_DIRECT_OBJC_ISA_USAGE = YES_ERROR;
				CLANG_WARN_DOCUMENTATION_COMMENTS = YES;
				CLANG_WARN_EMPTY_BODY = YES;
				CLANG_WARN_ENUM_CONVERSION = YES;
				CLANG_WARN_INFINITE_RECURSION = YES;
				CLANG_WARN_INT_CONVERSION = YES;
				CLANG_WARN_NON_LITERAL_NULL_CONVERSION = YES;
				CLANG_WARN_OBJC_LITERAL_CONVERSION = YES;
				CLANG_WARN_OBJC_ROOT_CLASS = YES_ERROR;
				CLANG_WARN_RANGE_LOOP_ANALYSIS = YES;
				CLANG_WARN_STRICT_PROTOTYPES = YES;
				CLANG_WARN_SUSPICIOUS_MOVE = YES;
				CLANG_WARN_UNGUARDED_AVAILABILITY = YES_AGGRESSIVE;
				CLANG_WARN_UNREACHABLE_CODE = YES;
				CLANG_WARN__DUPLICATE_METHOD_MATCH = YES;
				CODE_SIGN_IDENTITY = "iPhone Developer";
				COPY_PHASE_STRIP = NO;
				DEBUG_INFORMATION_FORMAT = "dwarf-with-dsym";
				ENABLE_NS_ASSERTIONS = NO;
				ENABLE_STRICT_OBJC_MSGSEND = YES;
				GCC_C_LANGUAGE_STANDARD = gnu11;
				GCC_NO_COMMON_BLOCKS = YES;
				GCC_WARN_64_TO_32_BIT_CONVERSION = YES;
				GCC_WARN_ABOUT_RETURN_TYPE = YES_ERROR;
				GCC_WARN_UNDECLARED_SELECTOR = YES;
				GCC_WARN_UNINITIALIZED_AUTOS = YES_AGGRESSIVE;
				GCC_WARN_UNUSED_FUNCTION = YES;
				GCC_WARN_UNUSED_VARIABLE = YES;
				IPHONEOS_DEPLOYMENT_TARGET = 11.0;
				MTL_ENABLE_DEBUG_INFO = NO;
				SDKROOT = iphoneos;
				SWIFT_OPTIMIZATION_LEVEL = "-Owholemodule";
				VALIDATE_PRODUCT = YES;
			};
			name = Release;
		};
		3FDE8FAA1F8D0DF60057BF3C /* Debug */ = {
			isa = XCBuildConfiguration;
			buildSettings = {
				ASSETCATALOG_COMPILER_APPICON_NAME = AppIcon;
				CODE_SIGN_STYLE = Automatic;
				INFOPLIST_FILE = DTAdmin/Info.plist;
				LD_RUNPATH_SEARCH_PATHS = "$(inherited) @executable_path/Frameworks";
				PRODUCT_BUNDLE_IDENTIFIER = com.ss.ita.DTAdmin;
				PRODUCT_NAME = "$(TARGET_NAME)";
				SWIFT_VERSION = 4.0;
				TARGETED_DEVICE_FAMILY = "1,2";
			};
			name = Debug;
		};
		3FDE8FAB1F8D0DF60057BF3C /* Release */ = {
			isa = XCBuildConfiguration;
			buildSettings = {
				ASSETCATALOG_COMPILER_APPICON_NAME = AppIcon;
				CODE_SIGN_STYLE = Automatic;
				INFOPLIST_FILE = DTAdmin/Info.plist;
				LD_RUNPATH_SEARCH_PATHS = "$(inherited) @executable_path/Frameworks";
				PRODUCT_BUNDLE_IDENTIFIER = com.ss.ita.DTAdmin;
				PRODUCT_NAME = "$(TARGET_NAME)";
				SWIFT_VERSION = 4.0;
				TARGETED_DEVICE_FAMILY = "1,2";
			};
			name = Release;
		};
/* End XCBuildConfiguration section */

/* Begin XCConfigurationList section */
		3FDE8F8F1F8D0DF60057BF3C /* Build configuration list for PBXProject "DTAdmin" */ = {
			isa = XCConfigurationList;
			buildConfigurations = (
				3FDE8FA71F8D0DF60057BF3C /* Debug */,
				3FDE8FA81F8D0DF60057BF3C /* Release */,
			);
			defaultConfigurationIsVisible = 0;
			defaultConfigurationName = Release;
		};
		3FDE8FA91F8D0DF60057BF3C /* Build configuration list for PBXNativeTarget "DTAdmin" */ = {
			isa = XCConfigurationList;
			buildConfigurations = (
				3FDE8FAA1F8D0DF60057BF3C /* Debug */,
				3FDE8FAB1F8D0DF60057BF3C /* Release */,
			);
			defaultConfigurationIsVisible = 0;
			defaultConfigurationName = Release;
		};
/* End XCConfigurationList section */

/* Begin XCVersionGroup section */
		3FDE8F9E1F8D0DF60057BF3C /* DTAdmin.xcdatamodeld */ = {
			isa = XCVersionGroup;
			children = (
				3FDE8F9F1F8D0DF60057BF3C /* DTAdmin.xcdatamodel */,
			);
			currentVersion = 3FDE8F9F1F8D0DF60057BF3C /* DTAdmin.xcdatamodel */;
			path = DTAdmin.xcdatamodeld;
			sourceTree = "<group>";
			versionGroupType = wrapper.xcdatamodel;
		};
/* End XCVersionGroup section */
	};
	rootObject = 3FDE8F8C1F8D0DF60057BF3C /* Project object */;
}
