// !$*UTF8*$!
{
	archiveVersion = 1;
	classes = {
	};
	objectVersion = 48;
	objects = {

/* Begin PBXBuildFile section */
		3F2BF59B1F9F61F600B2FA7E /* AddNewRecordViewController.swift in Sources */ = {isa = PBXBuildFile; fileRef = 3F2BF5951F9F61F600B2FA7E /* AddNewRecordViewController.swift */; };
		3F2BF59C1F9F61F600B2FA7E /* Subject.swift in Sources */ = {isa = PBXBuildFile; fileRef = 3F2BF5961F9F61F600B2FA7E /* Subject.swift */; };
		3F2BF59D1F9F61F600B2FA7E /* SubjectTableViewController.swift in Sources */ = {isa = PBXBuildFile; fileRef = 3F2BF5971F9F61F600B2FA7E /* SubjectTableViewController.swift */; };
		3F2BF59E1F9F61F600B2FA7E /* Subjects.storyboard in Resources */ = {isa = PBXBuildFile; fileRef = 3F2BF5981F9F61F600B2FA7E /* Subjects.storyboard */; };
		3F2BF59F1F9F61F600B2FA7E /* LogViewController.swift in Sources */ = {isa = PBXBuildFile; fileRef = 3F2BF5991F9F61F600B2FA7E /* LogViewController.swift */; };
		3F2BF5A01F9F61F600B2FA7E /* QueryService.swift in Sources */ = {isa = PBXBuildFile; fileRef = 3F2BF59A1F9F61F600B2FA7E /* QueryService.swift */; };
		3F2BF5A21F9F7A5900B2FA7E /* DetailSubjectViewController.swift in Sources */ = {isa = PBXBuildFile; fileRef = 3F2BF5A11F9F7A5900B2FA7E /* DetailSubjectViewController.swift */; };
		3FA888181F9688B200D602F3 /* AdminCreateUpdateViewController.swift in Sources */ = {isa = PBXBuildFile; fileRef = 3FA888141F9688B200D602F3 /* AdminCreateUpdateViewController.swift */; };
		3FA8881A1F9688B200D602F3 /* AdminViewController.swift in Sources */ = {isa = PBXBuildFile; fileRef = 3FA888161F9688B200D602F3 /* AdminViewController.swift */; };
		3FA8A6911FAC8864002465E7 /* Admin.storyboard in Resources */ = {isa = PBXBuildFile; fileRef = 3FA8A6931FAC8864002465E7 /* Admin.storyboard */; };
		3FDE8F981F8D0DF60057BF3C /* AppDelegate.swift in Sources */ = {isa = PBXBuildFile; fileRef = 3FDE8F971F8D0DF60057BF3C /* AppDelegate.swift */; };
		3FDE8F9A1F8D0DF60057BF3C /* ViewController.swift in Sources */ = {isa = PBXBuildFile; fileRef = 3FDE8F991F8D0DF60057BF3C /* ViewController.swift */; };
		3FDE8F9D1F8D0DF60057BF3C /* Main.storyboard in Resources */ = {isa = PBXBuildFile; fileRef = 3FDE8F9B1F8D0DF60057BF3C /* Main.storyboard */; };
		3FDE8FA01F8D0DF60057BF3C /* DTAdmin.xcdatamodeld in Sources */ = {isa = PBXBuildFile; fileRef = 3FDE8F9E1F8D0DF60057BF3C /* DTAdmin.xcdatamodeld */; };
		3FDE8FA21F8D0DF60057BF3C /* Assets.xcassets in Resources */ = {isa = PBXBuildFile; fileRef = 3FDE8FA11F8D0DF60057BF3C /* Assets.xcassets */; };
		3FDE8FA51F8D0DF60057BF3C /* LaunchScreen.storyboard in Resources */ = {isa = PBXBuildFile; fileRef = 3FDE8FA31F8D0DF60057BF3C /* LaunchScreen.storyboard */; };
		890376041F9DE0FB002A99A8 /* Date.swift in Sources */ = {isa = PBXBuildFile; fileRef = 890376031F9DE0FB002A99A8 /* Date.swift */; };
		892757211F9768D100FF669D /* LoginViewController.swift in Sources */ = {isa = PBXBuildFile; fileRef = 892757201F9768D100FF669D /* LoginViewController.swift */; };
		893450C31F9892A9008565F1 /* MainTabBarController.swift in Sources */ = {isa = PBXBuildFile; fileRef = 893450C21F9892A9008565F1 /* MainTabBarController.swift */; };
		893450C51F98B4F9008565F1 /* RootNavController.swift in Sources */ = {isa = PBXBuildFile; fileRef = 893450C41F98B4F9008565F1 /* RootNavController.swift */; };
		894AA5CA1FA9E40E00B7669D /* Storyboard.swift in Sources */ = {isa = PBXBuildFile; fileRef = 894AA5C91FA9E40E00B7669D /* Storyboard.swift */; };
		897D0E341F9B6BC300825E62 /* CommonNetworkManager.swift in Sources */ = {isa = PBXBuildFile; fileRef = 897D0E331F9B6BC300825E62 /* CommonNetworkManager.swift */; };
		897D0E371F9B6DA700825E62 /* User.swift in Sources */ = {isa = PBXBuildFile; fileRef = 897D0E361F9B6DA700825E62 /* User.swift */; };
		897D0E3A1F9B733400825E62 /* StoreHelper.swift in Sources */ = {isa = PBXBuildFile; fileRef = 897D0E391F9B733400825E62 /* StoreHelper.swift */; };
		897D0E3F1F9B77A000825E62 /* ParentViewController.swift in Sources */ = {isa = PBXBuildFile; fileRef = 897D0E3E1F9B77A000825E62 /* ParentViewController.swift */; };
		899DBC4C1FAC7DF000139DA9 /* UIViewController.swift in Sources */ = {isa = PBXBuildFile; fileRef = 899DBC4B1FAC7DF000139DA9 /* UIViewController.swift */; };
		89C96E011F9CD6A60019FE77 /* TimeTable.swift in Sources */ = {isa = PBXBuildFile; fileRef = 89C96E001F9CD6A60019FE77 /* TimeTable.swift */; };
		89C96E031F9CFD1F0019FE77 /* TimeTable.storyboard in Resources */ = {isa = PBXBuildFile; fileRef = 89C96E021F9CFD1F0019FE77 /* TimeTable.storyboard */; };
		89C96E051F9CFD6E0019FE77 /* TimeTableListViewController.swift in Sources */ = {isa = PBXBuildFile; fileRef = 89C96E041F9CFD6E0019FE77 /* TimeTableListViewController.swift */; };
		89C96E071F9D01DC0019FE77 /* NewTimeTableViewController.swift in Sources */ = {isa = PBXBuildFile; fileRef = 89C96E061F9D01DC0019FE77 /* NewTimeTableViewController.swift */; };
		89C96E0A1F9D03DC0019FE77 /* PickedTextField.swift in Sources */ = {isa = PBXBuildFile; fileRef = 89C96E091F9D03DC0019FE77 /* PickedTextField.swift */; };
		89C96E0C1F9D079D0019FE77 /* TimePicker.swift in Sources */ = {isa = PBXBuildFile; fileRef = 89C96E0B1F9D079D0019FE77 /* TimePicker.swift */; };
		C7535CD41FA266EE00B6CBD1 /* EditStudentViewController.swift in Sources */ = {isa = PBXBuildFile; fileRef = C7535CD11FA266EE00B6CBD1 /* EditStudentViewController.swift */; };
		C7535CD51FA266EE00B6CBD1 /* GroupsTableViewController.swift in Sources */ = {isa = PBXBuildFile; fileRef = C7535CD21FA266EE00B6CBD1 /* GroupsTableViewController.swift */; };
		C7535CD61FA266EE00B6CBD1 /* StudentViewController.swift in Sources */ = {isa = PBXBuildFile; fileRef = C7535CD31FA266EE00B6CBD1 /* StudentViewController.swift */; };
		C7535CEA1FA2670100B6CBD1 /* DataManager.swift in Sources */ = {isa = PBXBuildFile; fileRef = C7535CD81FA2670100B6CBD1 /* DataManager.swift */; };
		C7535CEB1FA2670100B6CBD1 /* Entities.swift in Sources */ = {isa = PBXBuildFile; fileRef = C7535CD91FA2670100B6CBD1 /* Entities.swift */; };
		C7535CEC1FA2670100B6CBD1 /* HTTPManager.swift in Sources */ = {isa = PBXBuildFile; fileRef = C7535CDA1FA2670100B6CBD1 /* HTTPManager.swift */; };
		C7535CED1FA2670100B6CBD1 /* HTTPStatusCodes.swift in Sources */ = {isa = PBXBuildFile; fileRef = C7535CDB1FA2670100B6CBD1 /* HTTPStatusCodes.swift */; };
		C7535CEF1FA2670100B6CBD1 /* AnswerStructure.swift in Sources */ = {isa = PBXBuildFile; fileRef = C7535CDE1FA2670100B6CBD1 /* AnswerStructure.swift */; };
		C7535CF01FA2670100B6CBD1 /* FacultyStructure.swift in Sources */ = {isa = PBXBuildFile; fileRef = C7535CDF1FA2670100B6CBD1 /* FacultyStructure.swift */; };
		C7535CF11FA2670100B6CBD1 /* GroupStructure.swift in Sources */ = {isa = PBXBuildFile; fileRef = C7535CE01FA2670100B6CBD1 /* GroupStructure.swift */; };
		C7535CF21FA2670100B6CBD1 /* QuestionStructure.swift in Sources */ = {isa = PBXBuildFile; fileRef = C7535CE11FA2670100B6CBD1 /* QuestionStructure.swift */; };
		C7535CF31FA2670100B6CBD1 /* Serializable.swift in Sources */ = {isa = PBXBuildFile; fileRef = C7535CE21FA2670100B6CBD1 /* Serializable.swift */; };
		C7535CF41FA2670100B6CBD1 /* SpecialityStructure.swift in Sources */ = {isa = PBXBuildFile; fileRef = C7535CE31FA2670100B6CBD1 /* SpecialityStructure.swift */; };
		C7535CF51FA2670100B6CBD1 /* StudentStructure.swift in Sources */ = {isa = PBXBuildFile; fileRef = C7535CE41FA2670100B6CBD1 /* StudentStructure.swift */; };
		C7535CF61FA2670100B6CBD1 /* SubjectStructure.swift in Sources */ = {isa = PBXBuildFile; fileRef = C7535CE51FA2670100B6CBD1 /* SubjectStructure.swift */; };
		C7535CF71FA2670100B6CBD1 /* TestDetailStructure.swift in Sources */ = {isa = PBXBuildFile; fileRef = C7535CE61FA2670100B6CBD1 /* TestDetailStructure.swift */; };
		C7535CF81FA2670100B6CBD1 /* TestStructure.swift in Sources */ = {isa = PBXBuildFile; fileRef = C7535CE71FA2670100B6CBD1 /* TestStructure.swift */; };
		C7535CF91FA2670100B6CBD1 /* TimeTableStructure.swift in Sources */ = {isa = PBXBuildFile; fileRef = C7535CE81FA2670100B6CBD1 /* TimeTableStructure.swift */; };
		C7535CFA1FA2670100B6CBD1 /* UserStructure.swift in Sources */ = {isa = PBXBuildFile; fileRef = C7535CE91FA2670100B6CBD1 /* UserStructure.swift */; };
		C7709DC51FAE09FC00994224 /* TestDataManager.swift in Sources */ = {isa = PBXBuildFile; fileRef = C7709DC41FAE09FC00994224 /* TestDataManager.swift */; };
		C799D68C1FA267590092170E /* GroupTableViewCell.swift in Sources */ = {isa = PBXBuildFile; fileRef = C799D6891FA267580092170E /* GroupTableViewCell.swift */; };
		C799D68D1FA267590092170E /* Student.storyboard in Resources */ = {isa = PBXBuildFile; fileRef = C799D68A1FA267580092170E /* Student.storyboard */; };
		C799D68E1FA267590092170E /* StudentsTableViewCell.swift in Sources */ = {isa = PBXBuildFile; fileRef = C799D68B1FA267580092170E /* StudentsTableViewCell.swift */; };
/* End PBXBuildFile section */

/* Begin PBXContainerItemProxy section */
		C7709DBF1FAE09B300994224 /* PBXContainerItemProxy */ = {
			isa = PBXContainerItemProxy;
			containerPortal = 3FDE8F8C1F8D0DF60057BF3C /* Project object */;
			proxyType = 1;
			remoteGlobalIDString = 3FDE8F931F8D0DF60057BF3C;
			remoteInfo = DTAdmin;
		};
/* End PBXContainerItemProxy section */

/* Begin PBXFileReference section */
		3F2BF5951F9F61F600B2FA7E /* AddNewRecordViewController.swift */ = {isa = PBXFileReference; fileEncoding = 4; lastKnownFileType = sourcecode.swift; path = AddNewRecordViewController.swift; sourceTree = "<group>"; };
		3F2BF5961F9F61F600B2FA7E /* Subject.swift */ = {isa = PBXFileReference; fileEncoding = 4; lastKnownFileType = sourcecode.swift; path = Subject.swift; sourceTree = "<group>"; };
		3F2BF5971F9F61F600B2FA7E /* SubjectTableViewController.swift */ = {isa = PBXFileReference; fileEncoding = 4; lastKnownFileType = sourcecode.swift; path = SubjectTableViewController.swift; sourceTree = "<group>"; };
		3F2BF5981F9F61F600B2FA7E /* Subjects.storyboard */ = {isa = PBXFileReference; fileEncoding = 4; lastKnownFileType = file.storyboard; path = Subjects.storyboard; sourceTree = "<group>"; };
		3F2BF5991F9F61F600B2FA7E /* LogViewController.swift */ = {isa = PBXFileReference; fileEncoding = 4; lastKnownFileType = sourcecode.swift; path = LogViewController.swift; sourceTree = "<group>"; };
		3F2BF59A1F9F61F600B2FA7E /* QueryService.swift */ = {isa = PBXFileReference; fileEncoding = 4; lastKnownFileType = sourcecode.swift; path = QueryService.swift; sourceTree = "<group>"; };
		3F2BF5A11F9F7A5900B2FA7E /* DetailSubjectViewController.swift */ = {isa = PBXFileReference; lastKnownFileType = sourcecode.swift; path = DetailSubjectViewController.swift; sourceTree = "<group>"; };
		3FA888141F9688B200D602F3 /* AdminCreateUpdateViewController.swift */ = {isa = PBXFileReference; fileEncoding = 4; lastKnownFileType = sourcecode.swift; path = AdminCreateUpdateViewController.swift; sourceTree = "<group>"; };
		3FA888161F9688B200D602F3 /* AdminViewController.swift */ = {isa = PBXFileReference; fileEncoding = 4; lastKnownFileType = sourcecode.swift; path = AdminViewController.swift; sourceTree = "<group>"; };
		3FA8A6921FAC8864002465E7 /* Base */ = {isa = PBXFileReference; lastKnownFileType = file.storyboard; name = Base; path = Base.lproj/Admin.storyboard; sourceTree = "<group>"; };
		3FA8A6941FAC886B002465E7 /* en */ = {isa = PBXFileReference; lastKnownFileType = text.plist.strings; name = en; path = en.lproj/Admin.strings; sourceTree = "<group>"; };
		3FA8A6951FAC8884002465E7 /* uk */ = {isa = PBXFileReference; lastKnownFileType = text.plist.strings; name = uk; path = uk.lproj/Admin.strings; sourceTree = "<group>"; };
		3FDE8F941F8D0DF60057BF3C /* DTAdmin.app */ = {isa = PBXFileReference; explicitFileType = wrapper.application; includeInIndex = 0; path = DTAdmin.app; sourceTree = BUILT_PRODUCTS_DIR; };
		3FDE8F971F8D0DF60057BF3C /* AppDelegate.swift */ = {isa = PBXFileReference; lastKnownFileType = sourcecode.swift; path = AppDelegate.swift; sourceTree = "<group>"; };
		3FDE8F991F8D0DF60057BF3C /* ViewController.swift */ = {isa = PBXFileReference; lastKnownFileType = sourcecode.swift; path = ViewController.swift; sourceTree = "<group>"; };
		3FDE8F9C1F8D0DF60057BF3C /* Base */ = {isa = PBXFileReference; lastKnownFileType = file.storyboard; name = Base; path = Base.lproj/Main.storyboard; sourceTree = "<group>"; };
		3FDE8F9F1F8D0DF60057BF3C /* DTAdmin.xcdatamodel */ = {isa = PBXFileReference; lastKnownFileType = wrapper.xcdatamodel; path = DTAdmin.xcdatamodel; sourceTree = "<group>"; };
		3FDE8FA11F8D0DF60057BF3C /* Assets.xcassets */ = {isa = PBXFileReference; lastKnownFileType = folder.assetcatalog; path = Assets.xcassets; sourceTree = "<group>"; };
		3FDE8FA41F8D0DF60057BF3C /* Base */ = {isa = PBXFileReference; lastKnownFileType = file.storyboard; name = Base; path = Base.lproj/LaunchScreen.storyboard; sourceTree = "<group>"; };
		3FDE8FA61F8D0DF60057BF3C /* Info.plist */ = {isa = PBXFileReference; lastKnownFileType = text.plist.xml; path = Info.plist; sourceTree = "<group>"; };
		890376031F9DE0FB002A99A8 /* Date.swift */ = {isa = PBXFileReference; lastKnownFileType = sourcecode.swift; path = Date.swift; sourceTree = "<group>"; };
		892757201F9768D100FF669D /* LoginViewController.swift */ = {isa = PBXFileReference; lastKnownFileType = sourcecode.swift; path = LoginViewController.swift; sourceTree = "<group>"; };
		893450C21F9892A9008565F1 /* MainTabBarController.swift */ = {isa = PBXFileReference; lastKnownFileType = sourcecode.swift; path = MainTabBarController.swift; sourceTree = "<group>"; };
		893450C41F98B4F9008565F1 /* RootNavController.swift */ = {isa = PBXFileReference; lastKnownFileType = sourcecode.swift; path = RootNavController.swift; sourceTree = "<group>"; };
		894AA5C91FA9E40E00B7669D /* Storyboard.swift */ = {isa = PBXFileReference; fileEncoding = 4; lastKnownFileType = sourcecode.swift; path = Storyboard.swift; sourceTree = "<group>"; };
		897D0E331F9B6BC300825E62 /* CommonNetworkManager.swift */ = {isa = PBXFileReference; lastKnownFileType = sourcecode.swift; path = CommonNetworkManager.swift; sourceTree = "<group>"; };
		897D0E361F9B6DA700825E62 /* User.swift */ = {isa = PBXFileReference; lastKnownFileType = sourcecode.swift; path = User.swift; sourceTree = "<group>"; };
		897D0E391F9B733400825E62 /* StoreHelper.swift */ = {isa = PBXFileReference; lastKnownFileType = sourcecode.swift; path = StoreHelper.swift; sourceTree = "<group>"; };
		897D0E3E1F9B77A000825E62 /* ParentViewController.swift */ = {isa = PBXFileReference; lastKnownFileType = sourcecode.swift; path = ParentViewController.swift; sourceTree = "<group>"; };
		899DBC4B1FAC7DF000139DA9 /* UIViewController.swift */ = {isa = PBXFileReference; lastKnownFileType = sourcecode.swift; path = UIViewController.swift; sourceTree = "<group>"; };
		89C96E001F9CD6A60019FE77 /* TimeTable.swift */ = {isa = PBXFileReference; lastKnownFileType = sourcecode.swift; path = TimeTable.swift; sourceTree = "<group>"; };
		89C96E021F9CFD1F0019FE77 /* TimeTable.storyboard */ = {isa = PBXFileReference; lastKnownFileType = file.storyboard; path = TimeTable.storyboard; sourceTree = "<group>"; };
		89C96E041F9CFD6E0019FE77 /* TimeTableListViewController.swift */ = {isa = PBXFileReference; lastKnownFileType = sourcecode.swift; path = TimeTableListViewController.swift; sourceTree = "<group>"; };
		89C96E061F9D01DC0019FE77 /* NewTimeTableViewController.swift */ = {isa = PBXFileReference; lastKnownFileType = sourcecode.swift; path = NewTimeTableViewController.swift; sourceTree = "<group>"; };
		89C96E091F9D03DC0019FE77 /* PickedTextField.swift */ = {isa = PBXFileReference; lastKnownFileType = sourcecode.swift; path = PickedTextField.swift; sourceTree = "<group>"; };
		89C96E0B1F9D079D0019FE77 /* TimePicker.swift */ = {isa = PBXFileReference; lastKnownFileType = sourcecode.swift; path = TimePicker.swift; sourceTree = "<group>"; };
		C7535CD11FA266EE00B6CBD1 /* EditStudentViewController.swift */ = {isa = PBXFileReference; fileEncoding = 4; lastKnownFileType = sourcecode.swift; path = EditStudentViewController.swift; sourceTree = "<group>"; };
		C7535CD21FA266EE00B6CBD1 /* GroupsTableViewController.swift */ = {isa = PBXFileReference; fileEncoding = 4; lastKnownFileType = sourcecode.swift; path = GroupsTableViewController.swift; sourceTree = "<group>"; };
		C7535CD31FA266EE00B6CBD1 /* StudentViewController.swift */ = {isa = PBXFileReference; fileEncoding = 4; lastKnownFileType = sourcecode.swift; path = StudentViewController.swift; sourceTree = "<group>"; };
		C7535CD81FA2670100B6CBD1 /* DataManager.swift */ = {isa = PBXFileReference; fileEncoding = 4; lastKnownFileType = sourcecode.swift; name = DataManager.swift; path = DTAdmin/Models/DataManager.swift; sourceTree = SOURCE_ROOT; };
		C7535CD91FA2670100B6CBD1 /* Entities.swift */ = {isa = PBXFileReference; fileEncoding = 4; lastKnownFileType = sourcecode.swift; path = Entities.swift; sourceTree = "<group>"; };
		C7535CDA1FA2670100B6CBD1 /* HTTPManager.swift */ = {isa = PBXFileReference; fileEncoding = 4; lastKnownFileType = sourcecode.swift; path = HTTPManager.swift; sourceTree = "<group>"; };
		C7535CDB1FA2670100B6CBD1 /* HTTPStatusCodes.swift */ = {isa = PBXFileReference; fileEncoding = 4; lastKnownFileType = sourcecode.swift; path = HTTPStatusCodes.swift; sourceTree = "<group>"; };
		C7535CDE1FA2670100B6CBD1 /* AnswerStructure.swift */ = {isa = PBXFileReference; fileEncoding = 4; lastKnownFileType = sourcecode.swift; path = AnswerStructure.swift; sourceTree = "<group>"; };
		C7535CDF1FA2670100B6CBD1 /* FacultyStructure.swift */ = {isa = PBXFileReference; fileEncoding = 4; lastKnownFileType = sourcecode.swift; path = FacultyStructure.swift; sourceTree = "<group>"; };
		C7535CE01FA2670100B6CBD1 /* GroupStructure.swift */ = {isa = PBXFileReference; fileEncoding = 4; lastKnownFileType = sourcecode.swift; path = GroupStructure.swift; sourceTree = "<group>"; };
		C7535CE11FA2670100B6CBD1 /* QuestionStructure.swift */ = {isa = PBXFileReference; fileEncoding = 4; lastKnownFileType = sourcecode.swift; path = QuestionStructure.swift; sourceTree = "<group>"; };
		C7535CE21FA2670100B6CBD1 /* Serializable.swift */ = {isa = PBXFileReference; fileEncoding = 4; lastKnownFileType = sourcecode.swift; path = Serializable.swift; sourceTree = "<group>"; };
		C7535CE31FA2670100B6CBD1 /* SpecialityStructure.swift */ = {isa = PBXFileReference; fileEncoding = 4; lastKnownFileType = sourcecode.swift; path = SpecialityStructure.swift; sourceTree = "<group>"; };
		C7535CE41FA2670100B6CBD1 /* StudentStructure.swift */ = {isa = PBXFileReference; fileEncoding = 4; lastKnownFileType = sourcecode.swift; path = StudentStructure.swift; sourceTree = "<group>"; };
		C7535CE51FA2670100B6CBD1 /* SubjectStructure.swift */ = {isa = PBXFileReference; fileEncoding = 4; lastKnownFileType = sourcecode.swift; path = SubjectStructure.swift; sourceTree = "<group>"; };
		C7535CE61FA2670100B6CBD1 /* TestDetailStructure.swift */ = {isa = PBXFileReference; fileEncoding = 4; lastKnownFileType = sourcecode.swift; path = TestDetailStructure.swift; sourceTree = "<group>"; };
		C7535CE71FA2670100B6CBD1 /* TestStructure.swift */ = {isa = PBXFileReference; fileEncoding = 4; lastKnownFileType = sourcecode.swift; path = TestStructure.swift; sourceTree = "<group>"; };
		C7535CE81FA2670100B6CBD1 /* TimeTableStructure.swift */ = {isa = PBXFileReference; fileEncoding = 4; lastKnownFileType = sourcecode.swift; path = TimeTableStructure.swift; sourceTree = "<group>"; };
		C7535CE91FA2670100B6CBD1 /* UserStructure.swift */ = {isa = PBXFileReference; fileEncoding = 4; lastKnownFileType = sourcecode.swift; path = UserStructure.swift; sourceTree = "<group>"; };
		C7709DBA1FAE09B300994224 /* DTAdminTests.xctest */ = {isa = PBXFileReference; explicitFileType = wrapper.cfbundle; includeInIndex = 0; path = DTAdminTests.xctest; sourceTree = BUILT_PRODUCTS_DIR; };
		C7709DBE1FAE09B300994224 /* Info.plist */ = {isa = PBXFileReference; lastKnownFileType = text.plist.xml; path = Info.plist; sourceTree = "<group>"; };
		C7709DC41FAE09FC00994224 /* TestDataManager.swift */ = {isa = PBXFileReference; lastKnownFileType = sourcecode.swift; name = TestDataManager.swift; path = DTAdminTests/TestDataManager.swift; sourceTree = SOURCE_ROOT; };
		C799D6891FA267580092170E /* GroupTableViewCell.swift */ = {isa = PBXFileReference; fileEncoding = 4; lastKnownFileType = sourcecode.swift; path = GroupTableViewCell.swift; sourceTree = "<group>"; };
		C799D68A1FA267580092170E /* Student.storyboard */ = {isa = PBXFileReference; fileEncoding = 4; lastKnownFileType = file.storyboard; path = Student.storyboard; sourceTree = "<group>"; };
		C799D68B1FA267580092170E /* StudentsTableViewCell.swift */ = {isa = PBXFileReference; fileEncoding = 4; lastKnownFileType = sourcecode.swift; path = StudentsTableViewCell.swift; sourceTree = "<group>"; };
/* End PBXFileReference section */

/* Begin PBXFrameworksBuildPhase section */
		3FDE8F911F8D0DF60057BF3C /* Frameworks */ = {
			isa = PBXFrameworksBuildPhase;
			buildActionMask = 2147483647;
			files = (
			);
			runOnlyForDeploymentPostprocessing = 0;
		};
		C7709DB71FAE09B300994224 /* Frameworks */ = {
			isa = PBXFrameworksBuildPhase;
			buildActionMask = 2147483647;
			files = (
			);
			runOnlyForDeploymentPostprocessing = 0;
		};
/* End PBXFrameworksBuildPhase section */

/* Begin PBXGroup section */
		3F01D7CF1F8D1458005CA03A /* Supporting files */ = {
			isa = PBXGroup;
			children = (
				3FDE8FA11F8D0DF60057BF3C /* Assets.xcassets */,
				3FDE8FA61F8D0DF60057BF3C /* Info.plist */,
				3FDE8F9E1F8D0DF60057BF3C /* DTAdmin.xcdatamodeld */,
			);
			name = "Supporting files";
			sourceTree = "<group>";
		};
		3F0501371F90ECF1006651CE /* Faculty */ = {
			isa = PBXGroup;
			children = (
			);
			name = Faculty;
			sourceTree = "<group>";
		};
		3F0501391F90ECFF006651CE /* Speciality */ = {
			isa = PBXGroup;
			children = (
			);
			name = Speciality;
			sourceTree = "<group>";
		};
		3F05013A1F90ED08006651CE /* Student */ = {
			isa = PBXGroup;
			children = (
				C799D6881FA267580092170E /* Views */,
				C7535CD01FA266EE00B6CBD1 /* Controllers */,
			);
			path = Student;
			sourceTree = "<group>";
		};
		3F05013B1F90ED59006651CE /* Group */ = {
			isa = PBXGroup;
			children = (
			);
			name = Group;
			sourceTree = "<group>";
		};
		3F2BF5941F9F61C300B2FA7E /* Subject */ = {
			isa = PBXGroup;
			children = (
				3F2BF5951F9F61F600B2FA7E /* AddNewRecordViewController.swift */,
				3F2BF5991F9F61F600B2FA7E /* LogViewController.swift */,
				3F2BF59A1F9F61F600B2FA7E /* QueryService.swift */,
				3F2BF5961F9F61F600B2FA7E /* Subject.swift */,
				3F2BF5981F9F61F600B2FA7E /* Subjects.storyboard */,
				3F2BF5A11F9F7A5900B2FA7E /* DetailSubjectViewController.swift */,
				3F2BF5971F9F61F600B2FA7E /* SubjectTableViewController.swift */,
			);
			path = Subject;
			sourceTree = "<group>";
		};
		3F3E68531F97BCB4004B8B2C /* Admins */ = {
			isa = PBXGroup;
			children = (
				3FA8A6931FAC8864002465E7 /* Admin.storyboard */,
				3FA888141F9688B200D602F3 /* AdminCreateUpdateViewController.swift */,
				3FA888161F9688B200D602F3 /* AdminViewController.swift */,
			);
			path = Admins;
			sourceTree = "<group>";
		};
		3FDE8F8B1F8D0DF60057BF3C = {
			isa = PBXGroup;
			children = (
				3FDE8F961F8D0DF60057BF3C /* DTAdmin */,
				C7709DBB1FAE09B300994224 /* DTAdminTests */,
				3FDE8F951F8D0DF60057BF3C /* Products */,
			);
			sourceTree = "<group>";
		};
		3FDE8F951F8D0DF60057BF3C /* Products */ = {
			isa = PBXGroup;
			children = (
				3FDE8F941F8D0DF60057BF3C /* DTAdmin.app */,
				C7709DBA1FAE09B300994224 /* DTAdminTests.xctest */,
			);
			name = Products;
			sourceTree = "<group>";
		};
		3FDE8F961F8D0DF60057BF3C /* DTAdmin */ = {
			isa = PBXGroup;
			children = (
				89C96DFF1F9CC2F90019FE77 /* TimeTable */,
				8927571A1F97648C00FF669D /* Common */,
				3F2BF5941F9F61C300B2FA7E /* Subject */,
				3F3E68531F97BCB4004B8B2C /* Admins */,
				3F05013B1F90ED59006651CE /* Group */,
				3F05013A1F90ED08006651CE /* Student */,
				3F0501391F90ECFF006651CE /* Speciality */,
				3F0501371F90ECF1006651CE /* Faculty */,
				3F01D7CF1F8D1458005CA03A /* Supporting files */,
				3FDE8F971F8D0DF60057BF3C /* AppDelegate.swift */,
				3FDE8F991F8D0DF60057BF3C /* ViewController.swift */,
				3FDE8F9B1F8D0DF60057BF3C /* Main.storyboard */,
				3FDE8FA31F8D0DF60057BF3C /* LaunchScreen.storyboard */,
			);
			path = DTAdmin;
			sourceTree = "<group>";
		};
		890376021F9DE0EC002A99A8 /* Extensions */ = {
			isa = PBXGroup;
			children = (
				894AA5C91FA9E40E00B7669D /* Storyboard.swift */,
				890376031F9DE0FB002A99A8 /* Date.swift */,
				899DBC4B1FAC7DF000139DA9 /* UIViewController.swift */,
			);
			name = Extensions;
			sourceTree = "<group>";
		};
		8927571A1F97648C00FF669D /* Common */ = {
			isa = PBXGroup;
			children = (
				C7535CD71FA2670100B6CBD1 /* Models */,
				890376021F9DE0EC002A99A8 /* Extensions */,
				89C96E081F9D03CC0019FE77 /* Controlls */,
				897D0E381F9B732500825E62 /* Utils */,
				893539951F990C58001255EA /* Networking */,
				8927571B1F97649300FF669D /* Controllers */,
				897D0E351F9B6D8700825E62 /* Model */,
			);
			name = Common;
			sourceTree = "<group>";
		};
		8927571B1F97649300FF669D /* Controllers */ = {
			isa = PBXGroup;
			children = (
				897D0E3E1F9B77A000825E62 /* ParentViewController.swift */,
				893450C21F9892A9008565F1 /* MainTabBarController.swift */,
				892757201F9768D100FF669D /* LoginViewController.swift */,
				893450C41F98B4F9008565F1 /* RootNavController.swift */,
			);
			name = Controllers;
			sourceTree = "<group>";
		};
		893539951F990C58001255EA /* Networking */ = {
			isa = PBXGroup;
			children = (
				897D0E331F9B6BC300825E62 /* CommonNetworkManager.swift */,
			);
			name = Networking;
			sourceTree = "<group>";
		};
		897D0E351F9B6D8700825E62 /* Model */ = {
			isa = PBXGroup;
			children = (
				897D0E361F9B6DA700825E62 /* User.swift */,
				89C96E001F9CD6A60019FE77 /* TimeTable.swift */,
			);
			name = Model;
			sourceTree = "<group>";
		};
		897D0E381F9B732500825E62 /* Utils */ = {
			isa = PBXGroup;
			children = (
				897D0E391F9B733400825E62 /* StoreHelper.swift */,
			);
			name = Utils;
			sourceTree = "<group>";
		};
		89C96DFF1F9CC2F90019FE77 /* TimeTable */ = {
			isa = PBXGroup;
			children = (
				89C96E021F9CFD1F0019FE77 /* TimeTable.storyboard */,
				89C96E041F9CFD6E0019FE77 /* TimeTableListViewController.swift */,
				89C96E061F9D01DC0019FE77 /* NewTimeTableViewController.swift */,
			);
			path = TimeTable;
			sourceTree = "<group>";
		};
		89C96E081F9D03CC0019FE77 /* Controlls */ = {
			isa = PBXGroup;
			children = (
				89C96E091F9D03DC0019FE77 /* PickedTextField.swift */,
				89C96E0B1F9D079D0019FE77 /* TimePicker.swift */,
			);
			name = Controlls;
			sourceTree = "<group>";
		};
		C7535CD01FA266EE00B6CBD1 /* Controllers */ = {
			isa = PBXGroup;
			children = (
				C7535CD11FA266EE00B6CBD1 /* EditStudentViewController.swift */,
				C7535CD21FA266EE00B6CBD1 /* GroupsTableViewController.swift */,
				C7535CD31FA266EE00B6CBD1 /* StudentViewController.swift */,
			);
			path = Controllers;
			sourceTree = "<group>";
		};
		C7535CD71FA2670100B6CBD1 /* Models */ = {
			isa = PBXGroup;
			children = (
				C7535CDD1FA2670100B6CBD1 /* Structures */,
				C7535CD81FA2670100B6CBD1 /* DataManager.swift */,
				C7535CE21FA2670100B6CBD1 /* Serializable.swift */,
				C7535CD91FA2670100B6CBD1 /* Entities.swift */,
				C7535CDA1FA2670100B6CBD1 /* HTTPManager.swift */,
				C7535CDB1FA2670100B6CBD1 /* HTTPStatusCodes.swift */,
			);
			path = Models;
			sourceTree = "<group>";
		};
		C7535CDD1FA2670100B6CBD1 /* Structures */ = {
			isa = PBXGroup;
			children = (
				C7535CDE1FA2670100B6CBD1 /* AnswerStructure.swift */,
				C7535CDF1FA2670100B6CBD1 /* FacultyStructure.swift */,
				C7535CE01FA2670100B6CBD1 /* GroupStructure.swift */,
				C7535CE11FA2670100B6CBD1 /* QuestionStructure.swift */,
				C7535CE31FA2670100B6CBD1 /* SpecialityStructure.swift */,
				C7535CE41FA2670100B6CBD1 /* StudentStructure.swift */,
				C7535CE51FA2670100B6CBD1 /* SubjectStructure.swift */,
				C7535CE61FA2670100B6CBD1 /* TestDetailStructure.swift */,
				C7535CE71FA2670100B6CBD1 /* TestStructure.swift */,
				C7535CE81FA2670100B6CBD1 /* TimeTableStructure.swift */,
				C7535CE91FA2670100B6CBD1 /* UserStructure.swift */,
			);
			path = Structures;
			sourceTree = "<group>";
		};
		C7709DBB1FAE09B300994224 /* DTAdminTests */ = {
			isa = PBXGroup;
			children = (
				C7709DBE1FAE09B300994224 /* Info.plist */,
				C7709DC41FAE09FC00994224 /* TestDataManager.swift */,
			);
			path = DTAdminTests;
			sourceTree = "<group>";
		};
		C799D6881FA267580092170E /* Views */ = {
			isa = PBXGroup;
			children = (
				C799D6891FA267580092170E /* GroupTableViewCell.swift */,
				C799D68A1FA267580092170E /* Student.storyboard */,
				C799D68B1FA267580092170E /* StudentsTableViewCell.swift */,
			);
			path = Views;
			sourceTree = "<group>";
		};
/* End PBXGroup section */

/* Begin PBXNativeTarget section */
		3FDE8F931F8D0DF60057BF3C /* DTAdmin */ = {
			isa = PBXNativeTarget;
			buildConfigurationList = 3FDE8FA91F8D0DF60057BF3C /* Build configuration list for PBXNativeTarget "DTAdmin" */;
			buildPhases = (
				3FDE8F901F8D0DF60057BF3C /* Sources */,
				3FDE8F911F8D0DF60057BF3C /* Frameworks */,
				3FDE8F921F8D0DF60057BF3C /* Resources */,
			);
			buildRules = (
			);
			dependencies = (
			);
			name = DTAdmin;
			productName = DTAdmin;
			productReference = 3FDE8F941F8D0DF60057BF3C /* DTAdmin.app */;
			productType = "com.apple.product-type.application";
		};
		C7709DB91FAE09B300994224 /* DTAdminTests */ = {
			isa = PBXNativeTarget;
			buildConfigurationList = C7709DC31FAE09B300994224 /* Build configuration list for PBXNativeTarget "DTAdminTests" */;
			buildPhases = (
				C7709DB61FAE09B300994224 /* Sources */,
				C7709DB71FAE09B300994224 /* Frameworks */,
				C7709DB81FAE09B300994224 /* Resources */,
			);
			buildRules = (
			);
			dependencies = (
				C7709DC01FAE09B300994224 /* PBXTargetDependency */,
			);
			name = DTAdminTests;
			productName = DTAdminTests;
			productReference = C7709DBA1FAE09B300994224 /* DTAdminTests.xctest */;
			productType = "com.apple.product-type.bundle.unit-test";
		};
/* End PBXNativeTarget section */

/* Begin PBXProject section */
		3FDE8F8C1F8D0DF60057BF3C /* Project object */ = {
			isa = PBXProject;
			attributes = {
				LastSwiftUpdateCheck = 0910;
				LastUpgradeCheck = 0900;
				ORGANIZATIONNAME = "if-ios-077";
				TargetAttributes = {
					3FDE8F931F8D0DF60057BF3C = {
						CreatedOnToolsVersion = 9.0;
						ProvisioningStyle = Automatic;
					};
					C7709DB91FAE09B300994224 = {
						CreatedOnToolsVersion = 9.1;
						ProvisioningStyle = Automatic;
						TestTargetID = 3FDE8F931F8D0DF60057BF3C;
					};
				};
			};
			buildConfigurationList = 3FDE8F8F1F8D0DF60057BF3C /* Build configuration list for PBXProject "DTAdmin" */;
			compatibilityVersion = "Xcode 8.0";
			developmentRegion = en;
			hasScannedForEncodings = 0;
			knownRegions = (
				en,
				Base,
			);
			mainGroup = 3FDE8F8B1F8D0DF60057BF3C;
			productRefGroup = 3FDE8F951F8D0DF60057BF3C /* Products */;
			projectDirPath = "";
			projectRoot = "";
			targets = (
				3FDE8F931F8D0DF60057BF3C /* DTAdmin */,
				C7709DB91FAE09B300994224 /* DTAdminTests */,
			);
		};
/* End PBXProject section */

/* Begin PBXResourcesBuildPhase section */
		3FDE8F921F8D0DF60057BF3C /* Resources */ = {
			isa = PBXResourcesBuildPhase;
			buildActionMask = 2147483647;
			files = (
				89C96E031F9CFD1F0019FE77 /* TimeTable.storyboard in Resources */,
				3FA8A6911FAC8864002465E7 /* Admin.storyboard in Resources */,
				C799D68D1FA267590092170E /* Student.storyboard in Resources */,
				3F2BF59E1F9F61F600B2FA7E /* Subjects.storyboard in Resources */,
				3FDE8FA51F8D0DF60057BF3C /* LaunchScreen.storyboard in Resources */,
				3FDE8FA21F8D0DF60057BF3C /* Assets.xcassets in Resources */,
				3FDE8F9D1F8D0DF60057BF3C /* Main.storyboard in Resources */,
			);
			runOnlyForDeploymentPostprocessing = 0;
		};
		C7709DB81FAE09B300994224 /* Resources */ = {
			isa = PBXResourcesBuildPhase;
			buildActionMask = 2147483647;
			files = (
			);
			runOnlyForDeploymentPostprocessing = 0;
		};
/* End PBXResourcesBuildPhase section */

/* Begin PBXSourcesBuildPhase section */
		3FDE8F901F8D0DF60057BF3C /* Sources */ = {
			isa = PBXSourcesBuildPhase;
			buildActionMask = 2147483647;
			files = (
				89C96E071F9D01DC0019FE77 /* NewTimeTableViewController.swift in Sources */,
				C7535CF71FA2670100B6CBD1 /* TestDetailStructure.swift in Sources */,
				C7535CEA1FA2670100B6CBD1 /* DataManager.swift in Sources */,
				3F2BF59B1F9F61F600B2FA7E /* AddNewRecordViewController.swift in Sources */,
				894AA5CA1FA9E40E00B7669D /* Storyboard.swift in Sources */,
				C799D68C1FA267590092170E /* GroupTableViewCell.swift in Sources */,
				C7535CF91FA2670100B6CBD1 /* TimeTableStructure.swift in Sources */,
				3F2BF59D1F9F61F600B2FA7E /* SubjectTableViewController.swift in Sources */,
				C7535CF41FA2670100B6CBD1 /* SpecialityStructure.swift in Sources */,
				892757211F9768D100FF669D /* LoginViewController.swift in Sources */,
				89C96E0C1F9D079D0019FE77 /* TimePicker.swift in Sources */,
				C7535CF01FA2670100B6CBD1 /* FacultyStructure.swift in Sources */,
				C7535CFA1FA2670100B6CBD1 /* UserStructure.swift in Sources */,
				89C96E011F9CD6A60019FE77 /* TimeTable.swift in Sources */,
				C7535CEC1FA2670100B6CBD1 /* HTTPManager.swift in Sources */,
				893450C51F98B4F9008565F1 /* RootNavController.swift in Sources */,
				3FDE8FA01F8D0DF60057BF3C /* DTAdmin.xcdatamodeld in Sources */,
				897D0E341F9B6BC300825E62 /* CommonNetworkManager.swift in Sources */,
				C7535CD41FA266EE00B6CBD1 /* EditStudentViewController.swift in Sources */,
				3F2BF59F1F9F61F600B2FA7E /* LogViewController.swift in Sources */,
				3F2BF59C1F9F61F600B2FA7E /* Subject.swift in Sources */,
				C7535CEB1FA2670100B6CBD1 /* Entities.swift in Sources */,
				3F2BF5A01F9F61F600B2FA7E /* QueryService.swift in Sources */,
				C7535CD61FA266EE00B6CBD1 /* StudentViewController.swift in Sources */,
				3FA888181F9688B200D602F3 /* AdminCreateUpdateViewController.swift in Sources */,
				C7535CED1FA2670100B6CBD1 /* HTTPStatusCodes.swift in Sources */,
				897D0E3A1F9B733400825E62 /* StoreHelper.swift in Sources */,
				899DBC4C1FAC7DF000139DA9 /* UIViewController.swift in Sources */,
				3F2BF5A21F9F7A5900B2FA7E /* DetailSubjectViewController.swift in Sources */,
				C7535CF61FA2670100B6CBD1 /* SubjectStructure.swift in Sources */,
				890376041F9DE0FB002A99A8 /* Date.swift in Sources */,
				893450C31F9892A9008565F1 /* MainTabBarController.swift in Sources */,
				C7535CF11FA2670100B6CBD1 /* GroupStructure.swift in Sources */,
				89C96E051F9CFD6E0019FE77 /* TimeTableListViewController.swift in Sources */,
				C799D68E1FA267590092170E /* StudentsTableViewCell.swift in Sources */,
				C7535CF51FA2670100B6CBD1 /* StudentStructure.swift in Sources */,
				897D0E371F9B6DA700825E62 /* User.swift in Sources */,
				89C96E0A1F9D03DC0019FE77 /* PickedTextField.swift in Sources */,
				897D0E3F1F9B77A000825E62 /* ParentViewController.swift in Sources */,
				3FDE8F9A1F8D0DF60057BF3C /* ViewController.swift in Sources */,
				C7535CF31FA2670100B6CBD1 /* Serializable.swift in Sources */,
				C7535CEF1FA2670100B6CBD1 /* AnswerStructure.swift in Sources */,
				C7535CD51FA266EE00B6CBD1 /* GroupsTableViewController.swift in Sources */,
				3FA8881A1F9688B200D602F3 /* AdminViewController.swift in Sources */,
				3FDE8F981F8D0DF60057BF3C /* AppDelegate.swift in Sources */,
				C7535CF21FA2670100B6CBD1 /* QuestionStructure.swift in Sources */,
				C7535CF81FA2670100B6CBD1 /* TestStructure.swift in Sources */,
			);
			runOnlyForDeploymentPostprocessing = 0;
		};
		C7709DB61FAE09B300994224 /* Sources */ = {
			isa = PBXSourcesBuildPhase;
			buildActionMask = 2147483647;
			files = (
				C7709DC51FAE09FC00994224 /* TestDataManager.swift in Sources */,
			);
			runOnlyForDeploymentPostprocessing = 0;
		};
/* End PBXSourcesBuildPhase section */

/* Begin PBXTargetDependency section */
		C7709DC01FAE09B300994224 /* PBXTargetDependency */ = {
			isa = PBXTargetDependency;
			target = 3FDE8F931F8D0DF60057BF3C /* DTAdmin */;
			targetProxy = C7709DBF1FAE09B300994224 /* PBXContainerItemProxy */;
		};
/* End PBXTargetDependency section */

/* Begin PBXVariantGroup section */
		3FA8A6931FAC8864002465E7 /* Admin.storyboard */ = {
			isa = PBXVariantGroup;
			children = (
				3FA8A6921FAC8864002465E7 /* Base */,
				3FA8A6941FAC886B002465E7 /* en */,
				3FA8A6951FAC8884002465E7 /* uk */,
			);
			name = Admin.storyboard;
			sourceTree = "<group>";
		};
		3FDE8F9B1F8D0DF60057BF3C /* Main.storyboard */ = {
			isa = PBXVariantGroup;
			children = (
				3FDE8F9C1F8D0DF60057BF3C /* Base */,
			);
			name = Main.storyboard;
			sourceTree = "<group>";
		};
		3FDE8FA31F8D0DF60057BF3C /* LaunchScreen.storyboard */ = {
			isa = PBXVariantGroup;
			children = (
				3FDE8FA41F8D0DF60057BF3C /* Base */,
			);
			name = LaunchScreen.storyboard;
			sourceTree = "<group>";
		};
/* End PBXVariantGroup section */

/* Begin XCBuildConfiguration section */
		3FDE8FA71F8D0DF60057BF3C /* Debug */ = {
			isa = XCBuildConfiguration;
			buildSettings = {
				ALWAYS_SEARCH_USER_PATHS = NO;
				CLANG_ANALYZER_LOCALIZABILITY_NONLOCALIZED = YES;
				CLANG_ANALYZER_NONNULL = YES;
				CLANG_ANALYZER_NUMBER_OBJECT_CONVERSION = YES_AGGRESSIVE;
				CLANG_CXX_LANGUAGE_STANDARD = "gnu++14";
				CLANG_CXX_LIBRARY = "libc++";
				CLANG_ENABLE_MODULES = YES;
				CLANG_ENABLE_OBJC_ARC = YES;
				CLANG_WARN_BLOCK_CAPTURE_AUTORELEASING = YES;
				CLANG_WARN_BOOL_CONVERSION = YES;
				CLANG_WARN_COMMA = YES;
				CLANG_WARN_CONSTANT_CONVERSION = YES;
				CLANG_WARN_DIRECT_OBJC_ISA_USAGE = YES_ERROR;
				CLANG_WARN_DOCUMENTATION_COMMENTS = YES;
				CLANG_WARN_EMPTY_BODY = YES;
				CLANG_WARN_ENUM_CONVERSION = YES;
				CLANG_WARN_INFINITE_RECURSION = YES;
				CLANG_WARN_INT_CONVERSION = YES;
				CLANG_WARN_NON_LITERAL_NULL_CONVERSION = YES;
				CLANG_WARN_OBJC_LITERAL_CONVERSION = YES;
				CLANG_WARN_OBJC_ROOT_CLASS = YES_ERROR;
				CLANG_WARN_RANGE_LOOP_ANALYSIS = YES;
				CLANG_WARN_STRICT_PROTOTYPES = YES;
				CLANG_WARN_SUSPICIOUS_MOVE = YES;
				CLANG_WARN_UNGUARDED_AVAILABILITY = YES_AGGRESSIVE;
				CLANG_WARN_UNREACHABLE_CODE = YES;
				CLANG_WARN__DUPLICATE_METHOD_MATCH = YES;
				CODE_SIGN_IDENTITY = "iPhone Developer";
				COPY_PHASE_STRIP = NO;
				DEBUG_INFORMATION_FORMAT = dwarf;
				ENABLE_STRICT_OBJC_MSGSEND = YES;
				ENABLE_TESTABILITY = YES;
				GCC_C_LANGUAGE_STANDARD = gnu11;
				GCC_DYNAMIC_NO_PIC = NO;
				GCC_NO_COMMON_BLOCKS = YES;
				GCC_OPTIMIZATION_LEVEL = 0;
				GCC_PREPROCESSOR_DEFINITIONS = (
					"DEBUG=1",
					"$(inherited)",
				);
				GCC_WARN_64_TO_32_BIT_CONVERSION = YES;
				GCC_WARN_ABOUT_RETURN_TYPE = YES_ERROR;
				GCC_WARN_UNDECLARED_SELECTOR = YES;
				GCC_WARN_UNINITIALIZED_AUTOS = YES_AGGRESSIVE;
				GCC_WARN_UNUSED_FUNCTION = YES;
				GCC_WARN_UNUSED_VARIABLE = YES;
				IPHONEOS_DEPLOYMENT_TARGET = 11.0;
				MTL_ENABLE_DEBUG_INFO = YES;
				ONLY_ACTIVE_ARCH = YES;
				SDKROOT = iphoneos;
				SWIFT_ACTIVE_COMPILATION_CONDITIONS = DEBUG;
				SWIFT_OPTIMIZATION_LEVEL = "-Onone";
			};
			name = Debug;
		};
		3FDE8FA81F8D0DF60057BF3C /* Release */ = {
			isa = XCBuildConfiguration;
			buildSettings = {
				ALWAYS_SEARCH_USER_PATHS = NO;
				CLANG_ANALYZER_LOCALIZABILITY_NONLOCALIZED = YES;
				CLANG_ANALYZER_NONNULL = YES;
				CLANG_ANALYZER_NUMBER_OBJECT_CONVERSION = YES_AGGRESSIVE;
				CLANG_CXX_LANGUAGE_STANDARD = "gnu++14";
				CLANG_CXX_LIBRARY = "libc++";
				CLANG_ENABLE_MODULES = YES;
				CLANG_ENABLE_OBJC_ARC = YES;
				CLANG_WARN_BLOCK_CAPTURE_AUTORELEASING = YES;
				CLANG_WARN_BOOL_CONVERSION = YES;
				CLANG_WARN_COMMA = YES;
				CLANG_WARN_CONSTANT_CONVERSION = YES;
				CLANG_WARN_DIRECT_OBJC_ISA_USAGE = YES_ERROR;
				CLANG_WARN_DOCUMENTATION_COMMENTS = YES;
				CLANG_WARN_EMPTY_BODY = YES;
				CLANG_WARN_ENUM_CONVERSION = YES;
				CLANG_WARN_INFINITE_RECURSION = YES;
				CLANG_WARN_INT_CONVERSION = YES;
				CLANG_WARN_NON_LITERAL_NULL_CONVERSION = YES;
				CLANG_WARN_OBJC_LITERAL_CONVERSION = YES;
				CLANG_WARN_OBJC_ROOT_CLASS = YES_ERROR;
				CLANG_WARN_RANGE_LOOP_ANALYSIS = YES;
				CLANG_WARN_STRICT_PROTOTYPES = YES;
				CLANG_WARN_SUSPICIOUS_MOVE = YES;
				CLANG_WARN_UNGUARDED_AVAILABILITY = YES_AGGRESSIVE;
				CLANG_WARN_UNREACHABLE_CODE = YES;
				CLANG_WARN__DUPLICATE_METHOD_MATCH = YES;
				CODE_SIGN_IDENTITY = "iPhone Developer";
				COPY_PHASE_STRIP = NO;
				DEBUG_INFORMATION_FORMAT = "dwarf-with-dsym";
				ENABLE_NS_ASSERTIONS = NO;
				ENABLE_STRICT_OBJC_MSGSEND = YES;
				GCC_C_LANGUAGE_STANDARD = gnu11;
				GCC_NO_COMMON_BLOCKS = YES;
				GCC_WARN_64_TO_32_BIT_CONVERSION = YES;
				GCC_WARN_ABOUT_RETURN_TYPE = YES_ERROR;
				GCC_WARN_UNDECLARED_SELECTOR = YES;
				GCC_WARN_UNINITIALIZED_AUTOS = YES_AGGRESSIVE;
				GCC_WARN_UNUSED_FUNCTION = YES;
				GCC_WARN_UNUSED_VARIABLE = YES;
				IPHONEOS_DEPLOYMENT_TARGET = 11.0;
				MTL_ENABLE_DEBUG_INFO = NO;
				SDKROOT = iphoneos;
				SWIFT_OPTIMIZATION_LEVEL = "-Owholemodule";
				VALIDATE_PRODUCT = YES;
			};
			name = Release;
		};
		3FDE8FAA1F8D0DF60057BF3C /* Debug */ = {
			isa = XCBuildConfiguration;
			buildSettings = {
				ASSETCATALOG_COMPILER_APPICON_NAME = AppIcon;
				CODE_SIGN_STYLE = Automatic;
				DEVELOPMENT_TEAM = DHT9CXHYVG;
				INFOPLIST_FILE = DTAdmin/Info.plist;
				LD_RUNPATH_SEARCH_PATHS = "$(inherited) @executable_path/Frameworks";
				PRODUCT_BUNDLE_IDENTIFIER = com.ss.ita.DTAdmin;
				PRODUCT_NAME = "$(TARGET_NAME)";
				SWIFT_VERSION = 4.0;
				TARGETED_DEVICE_FAMILY = "1,2";
			};
			name = Debug;
		};
		3FDE8FAB1F8D0DF60057BF3C /* Release */ = {
			isa = XCBuildConfiguration;
			buildSettings = {
				ASSETCATALOG_COMPILER_APPICON_NAME = AppIcon;
				CODE_SIGN_STYLE = Automatic;
				DEVELOPMENT_TEAM = DHT9CXHYVG;
				INFOPLIST_FILE = DTAdmin/Info.plist;
				LD_RUNPATH_SEARCH_PATHS = "$(inherited) @executable_path/Frameworks";
				PRODUCT_BUNDLE_IDENTIFIER = com.ss.ita.DTAdmin;
				PRODUCT_NAME = "$(TARGET_NAME)";
				SWIFT_VERSION = 4.0;
				TARGETED_DEVICE_FAMILY = "1,2";
			};
			name = Release;
		};
		C7709DC11FAE09B300994224 /* Debug */ = {
			isa = XCBuildConfiguration;
			buildSettings = {
				BUNDLE_LOADER = "$(TEST_HOST)";
				CODE_SIGN_STYLE = Automatic;
				INFOPLIST_FILE = DTAdminTests/Info.plist;
				IPHONEOS_DEPLOYMENT_TARGET = 11.1;
				LD_RUNPATH_SEARCH_PATHS = "$(inherited) @executable_path/Frameworks @loader_path/Frameworks";
				PRODUCT_BUNDLE_IDENTIFIER = net.winner.DTAdminTests;
				PRODUCT_NAME = "$(TARGET_NAME)";
				SWIFT_VERSION = 4.0;
				TARGETED_DEVICE_FAMILY = "1,2";
				TEST_HOST = "$(BUILT_PRODUCTS_DIR)/DTAdmin.app/DTAdmin";
			};
			name = Debug;
		};
		C7709DC21FAE09B300994224 /* Release */ = {
			isa = XCBuildConfiguration;
			buildSettings = {
				BUNDLE_LOADER = "$(TEST_HOST)";
				CODE_SIGN_STYLE = Automatic;
				INFOPLIST_FILE = DTAdminTests/Info.plist;
				IPHONEOS_DEPLOYMENT_TARGET = 11.1;
				LD_RUNPATH_SEARCH_PATHS = "$(inherited) @executable_path/Frameworks @loader_path/Frameworks";
				PRODUCT_BUNDLE_IDENTIFIER = net.winner.DTAdminTests;
				PRODUCT_NAME = "$(TARGET_NAME)";
				SWIFT_VERSION = 4.0;
				TARGETED_DEVICE_FAMILY = "1,2";
				TEST_HOST = "$(BUILT_PRODUCTS_DIR)/DTAdmin.app/DTAdmin";
			};
			name = Release;
		};
/* End XCBuildConfiguration section */

/* Begin XCConfigurationList section */
		3FDE8F8F1F8D0DF60057BF3C /* Build configuration list for PBXProject "DTAdmin" */ = {
			isa = XCConfigurationList;
			buildConfigurations = (
				3FDE8FA71F8D0DF60057BF3C /* Debug */,
				3FDE8FA81F8D0DF60057BF3C /* Release */,
			);
			defaultConfigurationIsVisible = 0;
			defaultConfigurationName = Release;
		};
		3FDE8FA91F8D0DF60057BF3C /* Build configuration list for PBXNativeTarget "DTAdmin" */ = {
			isa = XCConfigurationList;
			buildConfigurations = (
				3FDE8FAA1F8D0DF60057BF3C /* Debug */,
				3FDE8FAB1F8D0DF60057BF3C /* Release */,
			);
			defaultConfigurationIsVisible = 0;
			defaultConfigurationName = Release;
		};
		C7709DC31FAE09B300994224 /* Build configuration list for PBXNativeTarget "DTAdminTests" */ = {
			isa = XCConfigurationList;
			buildConfigurations = (
				C7709DC11FAE09B300994224 /* Debug */,
				C7709DC21FAE09B300994224 /* Release */,
			);
			defaultConfigurationIsVisible = 0;
			defaultConfigurationName = Release;
		};
/* End XCConfigurationList section */

/* Begin XCVersionGroup section */
		3FDE8F9E1F8D0DF60057BF3C /* DTAdmin.xcdatamodeld */ = {
			isa = XCVersionGroup;
			children = (
				3FDE8F9F1F8D0DF60057BF3C /* DTAdmin.xcdatamodel */,
			);
			currentVersion = 3FDE8F9F1F8D0DF60057BF3C /* DTAdmin.xcdatamodel */;
			path = DTAdmin.xcdatamodeld;
			sourceTree = "<group>";
			versionGroupType = wrapper.xcdatamodel;
		};
/* End XCVersionGroup section */
	};
	rootObject = 3FDE8F8C1F8D0DF60057BF3C /* Project object */;
}
